
Microsoft Visual Studio Solution File, Format Version 12.00
# Visual Studio Version 17
VisualStudioVersion = 17.7.34024.191
MinimumVisualStudioVersion = 10.0.40219.1
Project("{FAE04EC0-301F-11D3-BF4B-00C04F79EFBC}") = "ConsoleApp2", "ConsoleApp2\ConsoleApp2.csproj", "{FB3E060D-BE40-4B81-A9B1-76EE52A61DB2}"
EndProject
Global
	GlobalSection(SolutionConfigurationPlatforms) = preSolution
		Debug|Any CPU = Debug|Any CPU
		Release|Any CPU = Release|Any CPU
	EndGlobalSection
	GlobalSection(ProjectConfigurationPlatforms) = postSolution
		{FB3E060D-BE40-4B81-A9B1-76EE52A61DB2}.Debug|Any CPU.ActiveCfg = Debug|Any CPU
		{FB3E060D-BE40-4B81-A9B1-76EE52A61DB2}.Debug|Any CPU.Build.0 = Debug|Any CPU
		{FB3E060D-BE40-4B81-A9B1-76EE52A61DB2}.Release|Any CPU.ActiveCfg = Release|Any CPU
		{FB3E060D-BE40-4B81-A9B1-76EE52A61DB2}.Release|Any CPU.Build.0 = Release|Any CPU
	EndGlobalSection
	GlobalSection(SolutionProperties) = preSolution
		HideSolutionNode = FALSE
	EndGlobalSection
	GlobalSection(ExtensibilityGlobals) = postSolution
		SolutionGuid = {8CCBDEA0-CB15-46EA-9806-1C53BC156FF3}
	EndGlobalSection
EndGlobal
